// !$*UTF8*$!
{
	archiveVersion = 1;
	classes = {
	};
	objectVersion = 56;
	objects = {

/* Begin PBXBuildFile section */
		292863492A103F1200F8C48A /* ResetGoalView.swift in Sources */ = {isa = PBXBuildFile; fileRef = 292863482A103F1100F8C48A /* ResetGoalView.swift */; };
		2928634B2A10424D00F8C48A /* ResetGoalAlertView.swift in Sources */ = {isa = PBXBuildFile; fileRef = 2928634A2A10424D00F8C48A /* ResetGoalAlertView.swift */; };
		292B089A2A104ABE00B5B9A7 /* RenderingSuccess.swift in Sources */ = {isa = PBXBuildFile; fileRef = 292B08992A104ABE00B5B9A7 /* RenderingSuccess.swift */; };
		297D4D5A2A0B593D000CD018 /* MC2_ChagokApp.swift in Sources */ = {isa = PBXBuildFile; fileRef = 297D4D592A0B593D000CD018 /* MC2_ChagokApp.swift */; };
		297D4D5E2A0B593E000CD018 /* Assets.xcassets in Resources */ = {isa = PBXBuildFile; fileRef = 297D4D5D2A0B593E000CD018 /* Assets.xcassets */; };
		297D4D612A0B593E000CD018 /* Preview Assets.xcassets in Resources */ = {isa = PBXBuildFile; fileRef = 297D4D602A0B593E000CD018 /* Preview Assets.xcassets */; };
		297D4DA82A0B7A8B000CD018 /* MainView.swift in Sources */ = {isa = PBXBuildFile; fileRef = 297D4DA72A0B7A8B000CD018 /* MainView.swift */; };
		297D4DAA2A0B7B15000CD018 /* WhenAppStart.swift in Sources */ = {isa = PBXBuildFile; fileRef = 297D4DA92A0B7B15000CD018 /* WhenAppStart.swift */; };
		297D4DB12A0B7B2D000CD018 /* UserRegistrationView.swift in Sources */ = {isa = PBXBuildFile; fileRef = 297D4DAC2A0B7B2D000CD018 /* UserRegistrationView.swift */; };
		297D4DB22A0B7B2D000CD018 /* OnBoardingMain.swift in Sources */ = {isa = PBXBuildFile; fileRef = 297D4DAE2A0B7B2D000CD018 /* OnBoardingMain.swift */; };
		297D4DB32A0B7B2D000CD018 /* UserGoalSettingView.swift in Sources */ = {isa = PBXBuildFile; fileRef = 297D4DAF2A0B7B2D000CD018 /* UserGoalSettingView.swift */; };
		297D4DB42A0B7B2D000CD018 /* UserAlertView.swift in Sources */ = {isa = PBXBuildFile; fileRef = 297D4DB02A0B7B2D000CD018 /* UserAlertView.swift */; };
		297D4DCD2A0B7B73000CD018 /* ConfettiCannon.swift in Sources */ = {isa = PBXBuildFile; fileRef = 297D4DB62A0B7B73000CD018 /* ConfettiCannon.swift */; };
		297D4DCE2A0B7B73000CD018 /* RoundedCross.swift in Sources */ = {isa = PBXBuildFile; fileRef = 297D4DB82A0B7B73000CD018 /* RoundedCross.swift */; };
		297D4DCF2A0B7B73000CD018 /* Triangle.swift in Sources */ = {isa = PBXBuildFile; fileRef = 297D4DB92A0B7B73000CD018 /* Triangle.swift */; };
		297D4DD02A0B7B73000CD018 /* SlimRectangle.swift in Sources */ = {isa = PBXBuildFile; fileRef = 297D4DBA2A0B7B73000CD018 /* SlimRectangle.swift */; };
		297D4DD12A0B7B73000CD018 /* ConfettiSwiftUI.swift in Sources */ = {isa = PBXBuildFile; fileRef = 297D4DBB2A0B7B73000CD018 /* ConfettiSwiftUI.swift */; };
		297D4DD22A0B7B73000CD018 /* HomeView.swift in Sources */ = {isa = PBXBuildFile; fileRef = 297D4DBF2A0B7B73000CD018 /* HomeView.swift */; };
		297D4DD32A0B7B73000CD018 /* LibraryView.swift in Sources */ = {isa = PBXBuildFile; fileRef = 297D4DC02A0B7B73000CD018 /* LibraryView.swift */; };
		297D4DD42A0B7B73000CD018 /* VideoBackGroundView.swift in Sources */ = {isa = PBXBuildFile; fileRef = 297D4DC12A0B7B73000CD018 /* VideoBackGroundView.swift */; };
		297D4DD52A0B7B73000CD018 /* PostboxView.swift in Sources */ = {isa = PBXBuildFile; fileRef = 297D4DC22A0B7B73000CD018 /* PostboxView.swift */; };
		297D4DD62A0B7B73000CD018 /* SaveMoneyView.swift in Sources */ = {isa = PBXBuildFile; fileRef = 297D4DC42A0B7B73000CD018 /* SaveMoneyView.swift */; };
		297D4DD72A0B7B73000CD018 /* SaveAlertView.swift in Sources */ = {isa = PBXBuildFile; fileRef = 297D4DC52A0B7B73000CD018 /* SaveAlertView.swift */; };
		297D4DD82A0B7B73000CD018 /* SaveMessageView.swift in Sources */ = {isa = PBXBuildFile; fileRef = 297D4DC62A0B7B73000CD018 /* SaveMessageView.swift */; };
		297D4DD92A0B7B73000CD018 /* Functions.swift in Sources */ = {isa = PBXBuildFile; fileRef = 297D4DC82A0B7B73000CD018 /* Functions.swift */; };
		297D4DDA2A0B7B73000CD018 /* UserDataManager.swift in Sources */ = {isa = PBXBuildFile; fileRef = 297D4DC92A0B7B73000CD018 /* UserDataManager.swift */; };
		297D4DDB2A0B7B73000CD018 /* Component.swift in Sources */ = {isa = PBXBuildFile; fileRef = 297D4DCB2A0B7B73000CD018 /* Component.swift */; };
		297D4DDC2A0B7B73000CD018 /* Color.swift in Sources */ = {isa = PBXBuildFile; fileRef = 297D4DCC2A0B7B73000CD018 /* Color.swift */; };
		297D4DE12A0BD8D3000CD018 /* OnBoardingFirstView.swift in Sources */ = {isa = PBXBuildFile; fileRef = 297D4DE02A0BD8D3000CD018 /* OnBoardingFirstView.swift */; };
		297D4DE32A0BD8E1000CD018 /* OnBoardingSecondView.swift in Sources */ = {isa = PBXBuildFile; fileRef = 297D4DE22A0BD8E1000CD018 /* OnBoardingSecondView.swift */; };
		297D4DE52A0BD8EE000CD018 /* OnBoardingThirdView.swift in Sources */ = {isa = PBXBuildFile; fileRef = 297D4DE42A0BD8EE000CD018 /* OnBoardingThirdView.swift */; };
		297D4DE72A0BF98E000CD018 /* PopupView.swift in Sources */ = {isa = PBXBuildFile; fileRef = 297D4DE62A0BF98E000CD018 /* PopupView.swift */; };
		297D4DE92A0BFA51000CD018 /* FailPopupView.swift in Sources */ = {isa = PBXBuildFile; fileRef = 297D4DE82A0BFA51000CD018 /* FailPopupView.swift */; };
		297D4DEB2A0BFABA000CD018 /* SuccessPopupView.swift in Sources */ = {isa = PBXBuildFile; fileRef = 297D4DEA2A0BFABA000CD018 /* SuccessPopupView.swift */; };
		297D4DEE2A0BFB4E000CD018 /* LetterA.swift in Sources */ = {isa = PBXBuildFile; fileRef = 297D4DED2A0BFB4E000CD018 /* LetterA.swift */; };
		297D4DF02A0BFB65000CD018 /* LetterB.swift in Sources */ = {isa = PBXBuildFile; fileRef = 297D4DEF2A0BFB65000CD018 /* LetterB.swift */; };
		297D4DF22A0BFB70000CD018 /* LetterC.swift in Sources */ = {isa = PBXBuildFile; fileRef = 297D4DF12A0BFB70000CD018 /* LetterC.swift */; };
		297F7C8C2A0C97160044B50C /* FontHelper.swift in Sources */ = {isa = PBXBuildFile; fileRef = 297F7C8B2A0C97160044B50C /* FontHelper.swift */; };
		297F7C902A0C976B0044B50C /* GangwonEduSaeeum.ttf in Resources */ = {isa = PBXBuildFile; fileRef = 297F7C8F2A0C976B0044B50C /* GangwonEduSaeeum.ttf */; };
		297F7C982A0DDD930044B50C /* SuccessView.swift in Sources */ = {isa = PBXBuildFile; fileRef = 297F7C972A0DDD930044B50C /* SuccessView.swift */; };
		297F7C9B2A0E11B70044B50C /* Lottie in Frameworks */ = {isa = PBXBuildFile; productRef = 297F7C9A2A0E11B70044B50C /* Lottie */; };
		297F7C9E2A0E11F20044B50C /* LottieView.swift in Sources */ = {isa = PBXBuildFile; fileRef = 297F7C9D2A0E11F10044B50C /* LottieView.swift */; };
		297F7CA02A0E16E40044B50C /* popUpConfetti.json in Resources */ = {isa = PBXBuildFile; fileRef = 297F7C9F2A0E16E40044B50C /* popUpConfetti.json */; };
/* End PBXBuildFile section */

/* Begin PBXFileReference section */
		292863482A103F1100F8C48A /* ResetGoalView.swift */ = {isa = PBXFileReference; lastKnownFileType = sourcecode.swift; path = ResetGoalView.swift; sourceTree = "<group>"; };
		2928634A2A10424D00F8C48A /* ResetGoalAlertView.swift */ = {isa = PBXFileReference; lastKnownFileType = sourcecode.swift; path = ResetGoalAlertView.swift; sourceTree = "<group>"; };
		292B08992A104ABE00B5B9A7 /* RenderingSuccess.swift */ = {isa = PBXFileReference; lastKnownFileType = sourcecode.swift; path = RenderingSuccess.swift; sourceTree = "<group>"; };
		292B089B2A10ABEC00B5B9A7 /* 40-60.mp4 */ = {isa = PBXFileReference; lastKnownFileType = file; path = "40-60.mp4"; sourceTree = "<group>"; };
		292B089C2A10ABEC00B5B9A7 /* 20-40.mp4 */ = {isa = PBXFileReference; lastKnownFileType = file; path = "20-40.mp4"; sourceTree = "<group>"; };
		292B089D2A10ABEC00B5B9A7 /* 0-20.mp4 */ = {isa = PBXFileReference; lastKnownFileType = file; path = "0-20.mp4"; sourceTree = "<group>"; };
		292B089E2A10ABEC00B5B9A7 /* 60-80.mp4 */ = {isa = PBXFileReference; lastKnownFileType = file; path = "60-80.mp4"; sourceTree = "<group>"; };
		292B089F2A10ABEC00B5B9A7 /* 80-100.mp4 */ = {isa = PBXFileReference; lastKnownFileType = file; path = "80-100.mp4"; sourceTree = "<group>"; };
		297D4D562A0B593D000CD018 /* MC2_Chagok.app */ = {isa = PBXFileReference; explicitFileType = wrapper.application; includeInIndex = 0; path = MC2_Chagok.app; sourceTree = BUILT_PRODUCTS_DIR; };
		297D4D592A0B593D000CD018 /* MC2_ChagokApp.swift */ = {isa = PBXFileReference; lastKnownFileType = sourcecode.swift; path = MC2_ChagokApp.swift; sourceTree = "<group>"; };
		297D4D5D2A0B593E000CD018 /* Assets.xcassets */ = {isa = PBXFileReference; lastKnownFileType = folder.assetcatalog; path = Assets.xcassets; sourceTree = "<group>"; };
		297D4D602A0B593E000CD018 /* Preview Assets.xcassets */ = {isa = PBXFileReference; lastKnownFileType = folder.assetcatalog; path = "Preview Assets.xcassets"; sourceTree = "<group>"; };
		297D4DA72A0B7A8B000CD018 /* MainView.swift */ = {isa = PBXFileReference; fileEncoding = 4; lastKnownFileType = sourcecode.swift; path = MainView.swift; sourceTree = "<group>"; };
		297D4DA92A0B7B15000CD018 /* WhenAppStart.swift */ = {isa = PBXFileReference; fileEncoding = 4; lastKnownFileType = sourcecode.swift; path = WhenAppStart.swift; sourceTree = "<group>"; };
		297D4DAC2A0B7B2D000CD018 /* UserRegistrationView.swift */ = {isa = PBXFileReference; fileEncoding = 4; lastKnownFileType = sourcecode.swift; path = UserRegistrationView.swift; sourceTree = "<group>"; };
		297D4DAE2A0B7B2D000CD018 /* OnBoardingMain.swift */ = {isa = PBXFileReference; fileEncoding = 4; lastKnownFileType = sourcecode.swift; path = OnBoardingMain.swift; sourceTree = "<group>"; };
		297D4DAF2A0B7B2D000CD018 /* UserGoalSettingView.swift */ = {isa = PBXFileReference; fileEncoding = 4; lastKnownFileType = sourcecode.swift; path = UserGoalSettingView.swift; sourceTree = "<group>"; };
		297D4DB02A0B7B2D000CD018 /* UserAlertView.swift */ = {isa = PBXFileReference; fileEncoding = 4; lastKnownFileType = sourcecode.swift; path = UserAlertView.swift; sourceTree = "<group>"; };
		297D4DB62A0B7B73000CD018 /* ConfettiCannon.swift */ = {isa = PBXFileReference; fileEncoding = 4; lastKnownFileType = sourcecode.swift; path = ConfettiCannon.swift; sourceTree = "<group>"; };
		297D4DB82A0B7B73000CD018 /* RoundedCross.swift */ = {isa = PBXFileReference; fileEncoding = 4; lastKnownFileType = sourcecode.swift; path = RoundedCross.swift; sourceTree = "<group>"; };
		297D4DB92A0B7B73000CD018 /* Triangle.swift */ = {isa = PBXFileReference; fileEncoding = 4; lastKnownFileType = sourcecode.swift; path = Triangle.swift; sourceTree = "<group>"; };
		297D4DBA2A0B7B73000CD018 /* SlimRectangle.swift */ = {isa = PBXFileReference; fileEncoding = 4; lastKnownFileType = sourcecode.swift; path = SlimRectangle.swift; sourceTree = "<group>"; };
		297D4DBB2A0B7B73000CD018 /* ConfettiSwiftUI.swift */ = {isa = PBXFileReference; fileEncoding = 4; lastKnownFileType = sourcecode.swift; path = ConfettiSwiftUI.swift; sourceTree = "<group>"; };
		297D4DBF2A0B7B73000CD018 /* HomeView.swift */ = {isa = PBXFileReference; fileEncoding = 4; lastKnownFileType = sourcecode.swift; path = HomeView.swift; sourceTree = "<group>"; };
		297D4DC02A0B7B73000CD018 /* LibraryView.swift */ = {isa = PBXFileReference; fileEncoding = 4; lastKnownFileType = sourcecode.swift; path = LibraryView.swift; sourceTree = "<group>"; };
		297D4DC12A0B7B73000CD018 /* VideoBackGroundView.swift */ = {isa = PBXFileReference; fileEncoding = 4; lastKnownFileType = sourcecode.swift; path = VideoBackGroundView.swift; sourceTree = "<group>"; };
		297D4DC22A0B7B73000CD018 /* PostboxView.swift */ = {isa = PBXFileReference; fileEncoding = 4; lastKnownFileType = sourcecode.swift; path = PostboxView.swift; sourceTree = "<group>"; };
		297D4DC42A0B7B73000CD018 /* SaveMoneyView.swift */ = {isa = PBXFileReference; fileEncoding = 4; lastKnownFileType = sourcecode.swift; path = SaveMoneyView.swift; sourceTree = "<group>"; };
		297D4DC52A0B7B73000CD018 /* SaveAlertView.swift */ = {isa = PBXFileReference; fileEncoding = 4; lastKnownFileType = sourcecode.swift; path = SaveAlertView.swift; sourceTree = "<group>"; };
		297D4DC62A0B7B73000CD018 /* SaveMessageView.swift */ = {isa = PBXFileReference; fileEncoding = 4; lastKnownFileType = sourcecode.swift; path = SaveMessageView.swift; sourceTree = "<group>"; };
		297D4DC82A0B7B73000CD018 /* Functions.swift */ = {isa = PBXFileReference; fileEncoding = 4; lastKnownFileType = sourcecode.swift; path = Functions.swift; sourceTree = "<group>"; };
		297D4DC92A0B7B73000CD018 /* UserDataManager.swift */ = {isa = PBXFileReference; fileEncoding = 4; lastKnownFileType = sourcecode.swift; path = UserDataManager.swift; sourceTree = "<group>"; };
		297D4DCB2A0B7B73000CD018 /* Component.swift */ = {isa = PBXFileReference; fileEncoding = 4; lastKnownFileType = sourcecode.swift; path = Component.swift; sourceTree = "<group>"; };
		297D4DCC2A0B7B73000CD018 /* Color.swift */ = {isa = PBXFileReference; fileEncoding = 4; lastKnownFileType = sourcecode.swift; path = Color.swift; sourceTree = "<group>"; };
		297D4DE02A0BD8D3000CD018 /* OnBoardingFirstView.swift */ = {isa = PBXFileReference; lastKnownFileType = sourcecode.swift; path = OnBoardingFirstView.swift; sourceTree = "<group>"; };
		297D4DE22A0BD8E1000CD018 /* OnBoardingSecondView.swift */ = {isa = PBXFileReference; lastKnownFileType = sourcecode.swift; path = OnBoardingSecondView.swift; sourceTree = "<group>"; };
		297D4DE42A0BD8EE000CD018 /* OnBoardingThirdView.swift */ = {isa = PBXFileReference; lastKnownFileType = sourcecode.swift; path = OnBoardingThirdView.swift; sourceTree = "<group>"; };
		297D4DE62A0BF98E000CD018 /* PopupView.swift */ = {isa = PBXFileReference; lastKnownFileType = sourcecode.swift; path = PopupView.swift; sourceTree = "<group>"; };
		297D4DE82A0BFA51000CD018 /* FailPopupView.swift */ = {isa = PBXFileReference; lastKnownFileType = sourcecode.swift; path = FailPopupView.swift; sourceTree = "<group>"; };
		297D4DEA2A0BFABA000CD018 /* SuccessPopupView.swift */ = {isa = PBXFileReference; lastKnownFileType = sourcecode.swift; path = SuccessPopupView.swift; sourceTree = "<group>"; };
		297D4DED2A0BFB4E000CD018 /* LetterA.swift */ = {isa = PBXFileReference; fileEncoding = 4; lastKnownFileType = sourcecode.swift; path = LetterA.swift; sourceTree = "<group>"; };
		297D4DEF2A0BFB65000CD018 /* LetterB.swift */ = {isa = PBXFileReference; fileEncoding = 4; lastKnownFileType = sourcecode.swift; path = LetterB.swift; sourceTree = "<group>"; };
		297D4DF12A0BFB70000CD018 /* LetterC.swift */ = {isa = PBXFileReference; fileEncoding = 4; lastKnownFileType = sourcecode.swift; path = LetterC.swift; sourceTree = "<group>"; };
		297F7C8B2A0C97160044B50C /* FontHelper.swift */ = {isa = PBXFileReference; fileEncoding = 4; lastKnownFileType = sourcecode.swift; path = FontHelper.swift; sourceTree = "<group>"; };
		297F7C8F2A0C976B0044B50C /* GangwonEduSaeeum.ttf */ = {isa = PBXFileReference; lastKnownFileType = file; path = GangwonEduSaeeum.ttf; sourceTree = "<group>"; };
		297F7C962A0C9B530044B50C /* MC2-Chagok-Info.plist */ = {isa = PBXFileReference; lastKnownFileType = text.plist; path = "MC2-Chagok-Info.plist"; sourceTree = SOURCE_ROOT; };
		297F7C972A0DDD930044B50C /* SuccessView.swift */ = {isa = PBXFileReference; lastKnownFileType = sourcecode.swift; path = SuccessView.swift; sourceTree = "<group>"; };
		297F7C9D2A0E11F10044B50C /* LottieView.swift */ = {isa = PBXFileReference; fileEncoding = 4; lastKnownFileType = sourcecode.swift; path = LottieView.swift; sourceTree = "<group>"; };
		297F7C9F2A0E16E40044B50C /* popUpConfetti.json */ = {isa = PBXFileReference; fileEncoding = 4; lastKnownFileType = text.json; path = popUpConfetti.json; sourceTree = "<group>"; };
/* End PBXFileReference section */

/* Begin PBXFrameworksBuildPhase section */
		297D4D532A0B593D000CD018 /* Frameworks */ = {
			isa = PBXFrameworksBuildPhase;
			buildActionMask = 2147483647;
			files = (
				297F7C9B2A0E11B70044B50C /* Lottie in Frameworks */,
			);
			runOnlyForDeploymentPostprocessing = 0;
		};
/* End PBXFrameworksBuildPhase section */

/* Begin PBXGroup section */
		297D4D4D2A0B593D000CD018 = {
			isa = PBXGroup;
			children = (
				297D4D582A0B593D000CD018 /* MC2_Chagok */,
				297D4D572A0B593D000CD018 /* Products */,
			);
			sourceTree = "<group>";
		};
		297D4D572A0B593D000CD018 /* Products */ = {
			isa = PBXGroup;
			children = (
				297D4D562A0B593D000CD018 /* MC2_Chagok.app */,
			);
			name = Products;
			sourceTree = "<group>";
		};
		297D4D582A0B593D000CD018 /* MC2_Chagok */ = {
			isa = PBXGroup;
			children = (
				297F7C962A0C9B530044B50C /* MC2-Chagok-Info.plist */,
				297D4D592A0B593D000CD018 /* MC2_ChagokApp.swift */,
				297D4DA92A0B7B15000CD018 /* WhenAppStart.swift */,
				297D4DAB2A0B7B2D000CD018 /* UserSettingView */,
				297D4DBE2A0B7B73000CD018 /* MainView */,
				297D4DCA2A0B7B73000CD018 /* DesignSystem */,
				297D4DC72A0B7B73000CD018 /* UserData */,
				297D4DDE2A0B7C0C000CD018 /* Sources */,
				297D4D5D2A0B593E000CD018 /* Assets.xcassets */,
				297D4D5F2A0B593E000CD018 /* Preview Content */,
			);
			path = MC2_Chagok;
			sourceTree = "<group>";
		};
		297D4D5F2A0B593E000CD018 /* Preview Content */ = {
			isa = PBXGroup;
			children = (
				297D4D602A0B593E000CD018 /* Preview Assets.xcassets */,
			);
			path = "Preview Content";
			sourceTree = "<group>";
		};
		297D4DAB2A0B7B2D000CD018 /* UserSettingView */ = {
			isa = PBXGroup;
			children = (
				297D4DAC2A0B7B2D000CD018 /* UserRegistrationView.swift */,
				297D4DAF2A0B7B2D000CD018 /* UserGoalSettingView.swift */,
				297D4DB02A0B7B2D000CD018 /* UserAlertView.swift */,
				297D4DAD2A0B7B2D000CD018 /* OnBoardingView */,
			);
			path = UserSettingView;
			sourceTree = "<group>";
		};
		297D4DAD2A0B7B2D000CD018 /* OnBoardingView */ = {
			isa = PBXGroup;
			children = (
				297D4DAE2A0B7B2D000CD018 /* OnBoardingMain.swift */,
				297D4DE02A0BD8D3000CD018 /* OnBoardingFirstView.swift */,
				297D4DE22A0BD8E1000CD018 /* OnBoardingSecondView.swift */,
				297D4DE42A0BD8EE000CD018 /* OnBoardingThirdView.swift */,
			);
			path = OnBoardingView;
			sourceTree = "<group>";
		};
		297D4DB52A0B7B73000CD018 /* EffectSources */ = {
			isa = PBXGroup;
			children = (
				297D4DB62A0B7B73000CD018 /* ConfettiCannon.swift */,
				297D4DB72A0B7B73000CD018 /* Shapes */,
				297D4DBB2A0B7B73000CD018 /* ConfettiSwiftUI.swift */,
			);
			path = EffectSources;
			sourceTree = "<group>";
		};
		297D4DB72A0B7B73000CD018 /* Shapes */ = {
			isa = PBXGroup;
			children = (
				297D4DB82A0B7B73000CD018 /* RoundedCross.swift */,
				297D4DB92A0B7B73000CD018 /* Triangle.swift */,
				297D4DBA2A0B7B73000CD018 /* SlimRectangle.swift */,
			);
			path = Shapes;
			sourceTree = "<group>";
		};
		297D4DBC2A0B7B73000CD018 /* SuccessView */ = {
			isa = PBXGroup;
			children = (
				297D4DE62A0BF98E000CD018 /* PopupView.swift */,
				297D4DEA2A0BFABA000CD018 /* SuccessPopupView.swift */,
				297F7C972A0DDD930044B50C /* SuccessView.swift */,
				292B08992A104ABE00B5B9A7 /* RenderingSuccess.swift */,
			);
			path = SuccessView;
			sourceTree = "<group>";
		};
		297D4DBD2A0B7B73000CD018 /* FailView */ = {
			isa = PBXGroup;
			children = (
				297D4DE82A0BFA51000CD018 /* FailPopupView.swift */,
				292863482A103F1100F8C48A /* ResetGoalView.swift */,
				2928634A2A10424D00F8C48A /* ResetGoalAlertView.swift */,
			);
			path = FailView;
			sourceTree = "<group>";
		};
		297D4DBE2A0B7B73000CD018 /* MainView */ = {
			isa = PBXGroup;
			children = (
				297D4DA72A0B7A8B000CD018 /* MainView.swift */,
				297D4DDD2A0B7BF3000CD018 /* TabViewSections */,
				297D4DC32A0B7B73000CD018 /* SavingView */,
				297D4DBC2A0B7B73000CD018 /* SuccessView */,
				297D4DBD2A0B7B73000CD018 /* FailView */,
				297D4DEC2A0BFAF6000CD018 /* LetterView */,
			);
			path = MainView;
			sourceTree = "<group>";
		};
		297D4DC32A0B7B73000CD018 /* SavingView */ = {
			isa = PBXGroup;
			children = (
				297D4DC42A0B7B73000CD018 /* SaveMoneyView.swift */,
				297D4DC62A0B7B73000CD018 /* SaveMessageView.swift */,
				297D4DC52A0B7B73000CD018 /* SaveAlertView.swift */,
			);
			path = SavingView;
			sourceTree = "<group>";
		};
		297D4DC72A0B7B73000CD018 /* UserData */ = {
			isa = PBXGroup;
			children = (
				297D4DC82A0B7B73000CD018 /* Functions.swift */,
				297D4DC92A0B7B73000CD018 /* UserDataManager.swift */,
			);
			path = UserData;
			sourceTree = "<group>";
		};
		297D4DCA2A0B7B73000CD018 /* DesignSystem */ = {
			isa = PBXGroup;
			children = (
				297F7C8D2A0C975E0044B50C /* Font */,
				297D4DCB2A0B7B73000CD018 /* Component.swift */,
				297D4DCC2A0B7B73000CD018 /* Color.swift */,
			);
			path = DesignSystem;
			sourceTree = "<group>";
		};
		297D4DDD2A0B7BF3000CD018 /* TabViewSections */ = {
			isa = PBXGroup;
			children = (
				297D4DBF2A0B7B73000CD018 /* HomeView.swift */,
				297D4DC22A0B7B73000CD018 /* PostboxView.swift */,
				297D4DC02A0B7B73000CD018 /* LibraryView.swift */,
			);
			path = TabViewSections;
			sourceTree = "<group>";
		};
		297D4DDE2A0B7C0C000CD018 /* Sources */ = {
			isa = PBXGroup;
			children = (
				297D4DDF2A0B7C4D000CD018 /* Video */,
				297D4DB52A0B7B73000CD018 /* EffectSources */,
				297F7C9C2A0E11F10044B50C /* LottieAnimation */,
			);
			path = Sources;
			sourceTree = "<group>";
		};
		297D4DDF2A0B7C4D000CD018 /* Video */ = {
			isa = PBXGroup;
			children = (
				292B089D2A10ABEC00B5B9A7 /* 0-20.mp4 */,
				292B089C2A10ABEC00B5B9A7 /* 20-40.mp4 */,
				292B089B2A10ABEC00B5B9A7 /* 40-60.mp4 */,
				292B089E2A10ABEC00B5B9A7 /* 60-80.mp4 */,
				292B089F2A10ABEC00B5B9A7 /* 80-100.mp4 */,
				297D4DC12A0B7B73000CD018 /* VideoBackGroundView.swift */,
			);
			path = Video;
			sourceTree = "<group>";
		};
		297D4DEC2A0BFAF6000CD018 /* LetterView */ = {
			isa = PBXGroup;
			children = (
				297D4DED2A0BFB4E000CD018 /* LetterA.swift */,
				297D4DEF2A0BFB65000CD018 /* LetterB.swift */,
				297D4DF12A0BFB70000CD018 /* LetterC.swift */,
			);
			path = LetterView;
			sourceTree = "<group>";
		};
		297F7C8A2A0C97160044B50C /* FontHelper */ = {
			isa = PBXGroup;
			children = (
				297F7C8B2A0C97160044B50C /* FontHelper.swift */,
			);
			path = FontHelper;
			sourceTree = "<group>";
		};
		297F7C8D2A0C975E0044B50C /* Font */ = {
			isa = PBXGroup;
			children = (
				297F7C8E2A0C976B0044B50C /* Resources */,
				297F7C8A2A0C97160044B50C /* FontHelper */,
			);
			path = Font;
			sourceTree = "<group>";
		};
		297F7C8E2A0C976B0044B50C /* Resources */ = {
			isa = PBXGroup;
			children = (
				297F7C8F2A0C976B0044B50C /* GangwonEduSaeeum.ttf */,
			);
			path = Resources;
			sourceTree = "<group>";
		};
		297F7C9C2A0E11F10044B50C /* LottieAnimation */ = {
			isa = PBXGroup;
			children = (
				297F7C9F2A0E16E40044B50C /* popUpConfetti.json */,
				297F7C9D2A0E11F10044B50C /* LottieView.swift */,
			);
			path = LottieAnimation;
			sourceTree = "<group>";
		};
/* End PBXGroup section */

/* Begin PBXNativeTarget section */
		297D4D552A0B593D000CD018 /* MC2_Chagok */ = {
			isa = PBXNativeTarget;
			buildConfigurationList = 297D4D642A0B593E000CD018 /* Build configuration list for PBXNativeTarget "MC2_Chagok" */;
			buildPhases = (
				297D4D522A0B593D000CD018 /* Sources */,
				297D4D532A0B593D000CD018 /* Frameworks */,
				297D4D542A0B593D000CD018 /* Resources */,
			);
			buildRules = (
			);
			dependencies = (
			);
			name = MC2_Chagok;
			packageProductDependencies = (
				297F7C9A2A0E11B70044B50C /* Lottie */,
			);
			productName = MC2_Chagok;
			productReference = 297D4D562A0B593D000CD018 /* MC2_Chagok.app */;
			productType = "com.apple.product-type.application";
		};
/* End PBXNativeTarget section */

/* Begin PBXProject section */
		297D4D4E2A0B593D000CD018 /* Project object */ = {
			isa = PBXProject;
			attributes = {
				BuildIndependentTargetsInParallel = 1;
				LastSwiftUpdateCheck = 1430;
				LastUpgradeCheck = 1430;
				TargetAttributes = {
					297D4D552A0B593D000CD018 = {
						CreatedOnToolsVersion = 14.3;
					};
				};
			};
			buildConfigurationList = 297D4D512A0B593D000CD018 /* Build configuration list for PBXProject "MC2_Chagok" */;
			compatibilityVersion = "Xcode 14.0";
			developmentRegion = ko;
			hasScannedForEncodings = 0;
			knownRegions = (
				en,
				Base,
				ko,
			);
			mainGroup = 297D4D4D2A0B593D000CD018;
			packageReferences = (
				297F7C992A0E11B70044B50C /* XCRemoteSwiftPackageReference "lottie-ios" */,
			);
			productRefGroup = 297D4D572A0B593D000CD018 /* Products */;
			projectDirPath = "";
			projectRoot = "";
			targets = (
				297D4D552A0B593D000CD018 /* MC2_Chagok */,
			);
		};
/* End PBXProject section */

/* Begin PBXResourcesBuildPhase section */
		297D4D542A0B593D000CD018 /* Resources */ = {
			isa = PBXResourcesBuildPhase;
			buildActionMask = 2147483647;
			files = (
				297D4D612A0B593E000CD018 /* Preview Assets.xcassets in Resources */,
				297D4D5E2A0B593E000CD018 /* Assets.xcassets in Resources */,
				297F7CA02A0E16E40044B50C /* popUpConfetti.json in Resources */,
				297F7C902A0C976B0044B50C /* GangwonEduSaeeum.ttf in Resources */,
			);
			runOnlyForDeploymentPostprocessing = 0;
		};
/* End PBXResourcesBuildPhase section */

/* Begin PBXSourcesBuildPhase section */
		297D4D522A0B593D000CD018 /* Sources */ = {
			isa = PBXSourcesBuildPhase;
			buildActionMask = 2147483647;
			files = (
				297D4DD32A0B7B73000CD018 /* LibraryView.swift in Sources */,
				297D4DCD2A0B7B73000CD018 /* ConfettiCannon.swift in Sources */,
				297F7C982A0DDD930044B50C /* SuccessView.swift in Sources */,
				297D4DEB2A0BFABA000CD018 /* SuccessPopupView.swift in Sources */,
				297D4DDC2A0B7B73000CD018 /* Color.swift in Sources */,
				297D4DA82A0B7A8B000CD018 /* MainView.swift in Sources */,
				297D4DD92A0B7B73000CD018 /* Functions.swift in Sources */,
				297D4DD22A0B7B73000CD018 /* HomeView.swift in Sources */,
				292863492A103F1200F8C48A /* ResetGoalView.swift in Sources */,
				297D4D5A2A0B593D000CD018 /* MC2_ChagokApp.swift in Sources */,
				297D4DAA2A0B7B15000CD018 /* WhenAppStart.swift in Sources */,
				297D4DB22A0B7B2D000CD018 /* OnBoardingMain.swift in Sources */,
				297D4DB32A0B7B2D000CD018 /* UserGoalSettingView.swift in Sources */,
				2928634B2A10424D00F8C48A /* ResetGoalAlertView.swift in Sources */,
				297D4DE32A0BD8E1000CD018 /* OnBoardingSecondView.swift in Sources */,
				297D4DE52A0BD8EE000CD018 /* OnBoardingThirdView.swift in Sources */,
				297D4DD82A0B7B73000CD018 /* SaveMessageView.swift in Sources */,
				297D4DB42A0B7B2D000CD018 /* UserAlertView.swift in Sources */,
				297F7C8C2A0C97160044B50C /* FontHelper.swift in Sources */,
				297D4DE72A0BF98E000CD018 /* PopupView.swift in Sources */,
				297D4DD62A0B7B73000CD018 /* SaveMoneyView.swift in Sources */,
				297D4DD72A0B7B73000CD018 /* SaveAlertView.swift in Sources */,
				297D4DCF2A0B7B73000CD018 /* Triangle.swift in Sources */,
				297D4DF02A0BFB65000CD018 /* LetterB.swift in Sources */,
				297D4DDA2A0B7B73000CD018 /* UserDataManager.swift in Sources */,
				297D4DDB2A0B7B73000CD018 /* Component.swift in Sources */,
				297D4DEE2A0BFB4E000CD018 /* LetterA.swift in Sources */,
				297D4DCE2A0B7B73000CD018 /* RoundedCross.swift in Sources */,
				297D4DE92A0BFA51000CD018 /* FailPopupView.swift in Sources */,
				297D4DE12A0BD8D3000CD018 /* OnBoardingFirstView.swift in Sources */,
				297D4DB12A0B7B2D000CD018 /* UserRegistrationView.swift in Sources */,
				297D4DF22A0BFB70000CD018 /* LetterC.swift in Sources */,
				292B089A2A104ABE00B5B9A7 /* RenderingSuccess.swift in Sources */,
				297D4DD52A0B7B73000CD018 /* PostboxView.swift in Sources */,
				297D4DD02A0B7B73000CD018 /* SlimRectangle.swift in Sources */,
				297F7C9E2A0E11F20044B50C /* LottieView.swift in Sources */,
				297D4DD42A0B7B73000CD018 /* VideoBackGroundView.swift in Sources */,
				297D4DD12A0B7B73000CD018 /* ConfettiSwiftUI.swift in Sources */,
			);
			runOnlyForDeploymentPostprocessing = 0;
		};
/* End PBXSourcesBuildPhase section */

/* Begin XCBuildConfiguration section */
		297D4D622A0B593E000CD018 /* Debug */ = {
			isa = XCBuildConfiguration;
			buildSettings = {
				ALWAYS_SEARCH_USER_PATHS = NO;
				CLANG_ANALYZER_NONNULL = YES;
				CLANG_ANALYZER_NUMBER_OBJECT_CONVERSION = YES_AGGRESSIVE;
				CLANG_CXX_LANGUAGE_STANDARD = "gnu++20";
				CLANG_ENABLE_MODULES = YES;
				CLANG_ENABLE_OBJC_ARC = YES;
				CLANG_ENABLE_OBJC_WEAK = YES;
				CLANG_WARN_BLOCK_CAPTURE_AUTORELEASING = YES;
				CLANG_WARN_BOOL_CONVERSION = YES;
				CLANG_WARN_COMMA = YES;
				CLANG_WARN_CONSTANT_CONVERSION = YES;
				CLANG_WARN_DEPRECATED_OBJC_IMPLEMENTATIONS = YES;
				CLANG_WARN_DIRECT_OBJC_ISA_USAGE = YES_ERROR;
				CLANG_WARN_DOCUMENTATION_COMMENTS = YES;
				CLANG_WARN_EMPTY_BODY = YES;
				CLANG_WARN_ENUM_CONVERSION = YES;
				CLANG_WARN_INFINITE_RECURSION = YES;
				CLANG_WARN_INT_CONVERSION = YES;
				CLANG_WARN_NON_LITERAL_NULL_CONVERSION = YES;
				CLANG_WARN_OBJC_IMPLICIT_RETAIN_SELF = YES;
				CLANG_WARN_OBJC_LITERAL_CONVERSION = YES;
				CLANG_WARN_OBJC_ROOT_CLASS = YES_ERROR;
				CLANG_WARN_QUOTED_INCLUDE_IN_FRAMEWORK_HEADER = YES;
				CLANG_WARN_RANGE_LOOP_ANALYSIS = YES;
				CLANG_WARN_STRICT_PROTOTYPES = YES;
				CLANG_WARN_SUSPICIOUS_MOVE = YES;
				CLANG_WARN_UNGUARDED_AVAILABILITY = YES_AGGRESSIVE;
				CLANG_WARN_UNREACHABLE_CODE = YES;
				CLANG_WARN__DUPLICATE_METHOD_MATCH = YES;
				COPY_PHASE_STRIP = NO;
				DEBUG_INFORMATION_FORMAT = dwarf;
				ENABLE_STRICT_OBJC_MSGSEND = YES;
				ENABLE_TESTABILITY = YES;
				GCC_C_LANGUAGE_STANDARD = gnu11;
				GCC_DYNAMIC_NO_PIC = NO;
				GCC_NO_COMMON_BLOCKS = YES;
				GCC_OPTIMIZATION_LEVEL = 0;
				GCC_PREPROCESSOR_DEFINITIONS = (
					"DEBUG=1",
					"$(inherited)",
				);
				GCC_WARN_64_TO_32_BIT_CONVERSION = YES;
				GCC_WARN_ABOUT_RETURN_TYPE = YES_ERROR;
				GCC_WARN_UNDECLARED_SELECTOR = YES;
				GCC_WARN_UNINITIALIZED_AUTOS = YES_AGGRESSIVE;
				GCC_WARN_UNUSED_FUNCTION = YES;
				GCC_WARN_UNUSED_VARIABLE = YES;
				IPHONEOS_DEPLOYMENT_TARGET = 16.1;
				MTL_ENABLE_DEBUG_INFO = INCLUDE_SOURCE;
				MTL_FAST_MATH = YES;
				ONLY_ACTIVE_ARCH = YES;
				SDKROOT = iphoneos;
				SWIFT_ACTIVE_COMPILATION_CONDITIONS = DEBUG;
				SWIFT_OPTIMIZATION_LEVEL = "-Onone";
			};
			name = Debug;
		};
		297D4D632A0B593E000CD018 /* Release */ = {
			isa = XCBuildConfiguration;
			buildSettings = {
				ALWAYS_SEARCH_USER_PATHS = NO;
				CLANG_ANALYZER_NONNULL = YES;
				CLANG_ANALYZER_NUMBER_OBJECT_CONVERSION = YES_AGGRESSIVE;
				CLANG_CXX_LANGUAGE_STANDARD = "gnu++20";
				CLANG_ENABLE_MODULES = YES;
				CLANG_ENABLE_OBJC_ARC = YES;
				CLANG_ENABLE_OBJC_WEAK = YES;
				CLANG_WARN_BLOCK_CAPTURE_AUTORELEASING = YES;
				CLANG_WARN_BOOL_CONVERSION = YES;
				CLANG_WARN_COMMA = YES;
				CLANG_WARN_CONSTANT_CONVERSION = YES;
				CLANG_WARN_DEPRECATED_OBJC_IMPLEMENTATIONS = YES;
				CLANG_WARN_DIRECT_OBJC_ISA_USAGE = YES_ERROR;
				CLANG_WARN_DOCUMENTATION_COMMENTS = YES;
				CLANG_WARN_EMPTY_BODY = YES;
				CLANG_WARN_ENUM_CONVERSION = YES;
				CLANG_WARN_INFINITE_RECURSION = YES;
				CLANG_WARN_INT_CONVERSION = YES;
				CLANG_WARN_NON_LITERAL_NULL_CONVERSION = YES;
				CLANG_WARN_OBJC_IMPLICIT_RETAIN_SELF = YES;
				CLANG_WARN_OBJC_LITERAL_CONVERSION = YES;
				CLANG_WARN_OBJC_ROOT_CLASS = YES_ERROR;
				CLANG_WARN_QUOTED_INCLUDE_IN_FRAMEWORK_HEADER = YES;
				CLANG_WARN_RANGE_LOOP_ANALYSIS = YES;
				CLANG_WARN_STRICT_PROTOTYPES = YES;
				CLANG_WARN_SUSPICIOUS_MOVE = YES;
				CLANG_WARN_UNGUARDED_AVAILABILITY = YES_AGGRESSIVE;
				CLANG_WARN_UNREACHABLE_CODE = YES;
				CLANG_WARN__DUPLICATE_METHOD_MATCH = YES;
				COPY_PHASE_STRIP = NO;
				DEBUG_INFORMATION_FORMAT = "dwarf-with-dsym";
				ENABLE_NS_ASSERTIONS = NO;
				ENABLE_STRICT_OBJC_MSGSEND = YES;
				GCC_C_LANGUAGE_STANDARD = gnu11;
				GCC_NO_COMMON_BLOCKS = YES;
				GCC_WARN_64_TO_32_BIT_CONVERSION = YES;
				GCC_WARN_ABOUT_RETURN_TYPE = YES_ERROR;
				GCC_WARN_UNDECLARED_SELECTOR = YES;
				GCC_WARN_UNINITIALIZED_AUTOS = YES_AGGRESSIVE;
				GCC_WARN_UNUSED_FUNCTION = YES;
				GCC_WARN_UNUSED_VARIABLE = YES;
				IPHONEOS_DEPLOYMENT_TARGET = 16.1;
				MTL_ENABLE_DEBUG_INFO = NO;
				MTL_FAST_MATH = YES;
				SDKROOT = iphoneos;
				SWIFT_COMPILATION_MODE = wholemodule;
				SWIFT_OPTIMIZATION_LEVEL = "-O";
				VALIDATE_PRODUCT = YES;
			};
			name = Release;
		};
		297D4D652A0B593E000CD018 /* Debug */ = {
			isa = XCBuildConfiguration;
			buildSettings = {
				ASSETCATALOG_COMPILER_APPICON_NAME = AppIcon;
				ASSETCATALOG_COMPILER_GLOBAL_ACCENT_COLOR_NAME = AccentColor;
				CODE_SIGN_STYLE = Automatic;
				CURRENT_PROJECT_VERSION = 1;
				DEVELOPMENT_ASSET_PATHS = "\"MC2_Chagok/Preview Content\"";
				DEVELOPMENT_TEAM = 77745NX67K;
				ENABLE_PREVIEWS = YES;
				GENERATE_INFOPLIST_FILE = YES;
				INFOPLIST_FILE = "MC2-Chagok-Info.plist";
				INFOPLIST_KEY_CFBundleDisplayName = "차곡차곡";
				INFOPLIST_KEY_LSApplicationCategoryType = "public.app-category.finance";
				INFOPLIST_KEY_LSSupportsOpeningDocumentsInPlace = YES;
				INFOPLIST_KEY_NSPhotoLibraryUsageDescription = "";
				INFOPLIST_KEY_UIApplicationSceneManifest_Generation = YES;
				INFOPLIST_KEY_UIApplicationSupportsIndirectInputEvents = YES;
				INFOPLIST_KEY_UILaunchScreen_Generation = YES;
				INFOPLIST_KEY_UISupportedInterfaceOrientations_iPad = "UIInterfaceOrientationPortrait UIInterfaceOrientationPortraitUpsideDown UIInterfaceOrientationLandscapeLeft UIInterfaceOrientationLandscapeRight";
				INFOPLIST_KEY_UISupportedInterfaceOrientations_iPhone = "UIInterfaceOrientationPortrait UIInterfaceOrientationLandscapeLeft UIInterfaceOrientationLandscapeRight";
				IPHONEOS_DEPLOYMENT_TARGET = 16.1;
				LD_RUNPATH_SEARCH_PATHS = (
					"$(inherited)",
					"@executable_path/Frameworks",
				);
				MARKETING_VERSION = 1.2;
				PRODUCT_BUNDLE_IDENTIFIER = "hyunjuntyler.MC2-Chagok";
				PRODUCT_NAME = "$(TARGET_NAME)";
				SWIFT_EMIT_LOC_STRINGS = YES;
				SWIFT_VERSION = 5.0;
				TARGETED_DEVICE_FAMILY = "1,2";
			};
			name = Debug;
		};
		297D4D662A0B593E000CD018 /* Release */ = {
			isa = XCBuildConfiguration;
			buildSettings = {
				ASSETCATALOG_COMPILER_APPICON_NAME = AppIcon;
				ASSETCATALOG_COMPILER_GLOBAL_ACCENT_COLOR_NAME = AccentColor;
				CODE_SIGN_STYLE = Automatic;
				CURRENT_PROJECT_VERSION = 1;
				DEVELOPMENT_ASSET_PATHS = "\"MC2_Chagok/Preview Content\"";
				DEVELOPMENT_TEAM = 77745NX67K;
				ENABLE_PREVIEWS = YES;
				GENERATE_INFOPLIST_FILE = YES;
				INFOPLIST_FILE = "MC2-Chagok-Info.plist";
				INFOPLIST_KEY_CFBundleDisplayName = "차곡차곡";
				INFOPLIST_KEY_LSApplicationCategoryType = "public.app-category.finance";
				INFOPLIST_KEY_LSSupportsOpeningDocumentsInPlace = YES;
				INFOPLIST_KEY_NSPhotoLibraryUsageDescription = "";
				INFOPLIST_KEY_UIApplicationSceneManifest_Generation = YES;
				INFOPLIST_KEY_UIApplicationSupportsIndirectInputEvents = YES;
				INFOPLIST_KEY_UILaunchScreen_Generation = YES;
				INFOPLIST_KEY_UISupportedInterfaceOrientations_iPad = "UIInterfaceOrientationPortrait UIInterfaceOrientationPortraitUpsideDown UIInterfaceOrientationLandscapeLeft UIInterfaceOrientationLandscapeRight";
				INFOPLIST_KEY_UISupportedInterfaceOrientations_iPhone = "UIInterfaceOrientationPortrait UIInterfaceOrientationLandscapeLeft UIInterfaceOrientationLandscapeRight";
				IPHONEOS_DEPLOYMENT_TARGET = 16.1;
				LD_RUNPATH_SEARCH_PATHS = (
					"$(inherited)",
					"@executable_path/Frameworks",
				);
				MARKETING_VERSION = 1.2;
				PRODUCT_BUNDLE_IDENTIFIER = "hyunjuntyler.MC2-Chagok";
				PRODUCT_NAME = "$(TARGET_NAME)";
				SWIFT_EMIT_LOC_STRINGS = YES;
				SWIFT_VERSION = 5.0;
				TARGETED_DEVICE_FAMILY = "1,2";
			};
			name = Release;
		};
/* End XCBuildConfiguration section */

/* Begin XCConfigurationList section */
		297D4D512A0B593D000CD018 /* Build configuration list for PBXProject "MC2_Chagok" */ = {
			isa = XCConfigurationList;
			buildConfigurations = (
				297D4D622A0B593E000CD018 /* Debug */,
				297D4D632A0B593E000CD018 /* Release */,
			);
			defaultConfigurationIsVisible = 0;
			defaultConfigurationName = Release;
		};
		297D4D642A0B593E000CD018 /* Build configuration list for PBXNativeTarget "MC2_Chagok" */ = {
			isa = XCConfigurationList;
			buildConfigurations = (
				297D4D652A0B593E000CD018 /* Debug */,
				297D4D662A0B593E000CD018 /* Release */,
			);
			defaultConfigurationIsVisible = 0;
			defaultConfigurationName = Release;
		};
/* End XCConfigurationList section */

/* Begin XCRemoteSwiftPackageReference section */
		297F7C992A0E11B70044B50C /* XCRemoteSwiftPackageReference "lottie-ios" */ = {
			isa = XCRemoteSwiftPackageReference;
			repositoryURL = "https://github.com/airbnb/lottie-ios.git";
			requirement = {
				kind = upToNextMajorVersion;
				minimumVersion = 4.0.0;
			};
		};
/* End XCRemoteSwiftPackageReference section */

/* Begin XCSwiftPackageProductDependency section */
		297F7C9A2A0E11B70044B50C /* Lottie */ = {
			isa = XCSwiftPackageProductDependency;
			package = 297F7C992A0E11B70044B50C /* XCRemoteSwiftPackageReference "lottie-ios" */;
			productName = Lottie;
		};
/* End XCSwiftPackageProductDependency section */
	};
	rootObject = 297D4D4E2A0B593D000CD018 /* Project object */;
}
